// !$*UTF8*$!
{
	archiveVersion = 1;
	classes = {
	};
	objectVersion = 77;
	objects = {

/* Begin PBXBuildFile section */
		A81D376B2DE76B4C00E17A42 /* Assets.xcassets in Resources */ = {isa = PBXBuildFile; fileRef = A81D37612DE76B4C00E17A42 /* Assets.xcassets */; };
		A81D376C2DE76B4C00E17A42 /* Base.xcconfig in Resources */ = {isa = PBXBuildFile; fileRef = A81D37622DE76B4C00E17A42 /* Base.xcconfig */; };
		A81D376D2DE76B4C00E17A42 /* Debug.xcconfig in Resources */ = {isa = PBXBuildFile; fileRef = A81D37632DE76B4C00E17A42 /* Debug.xcconfig */; };
		A81D376F2DE76B4C00E17A42 /* LaunchScreen.storyboard in Resources */ = {isa = PBXBuildFile; fileRef = A81D37662DE76B4C00E17A42 /* LaunchScreen.storyboard */; };
		A81D37702DE76B4C00E17A42 /* Release.xcconfig in Resources */ = {isa = PBXBuildFile; fileRef = A81D37672DE76B4C00E17A42 /* Release.xcconfig */; };
		A81D37712DE76B4C00E17A42 /* AppDelegate.swift in Sources */ = {isa = PBXBuildFile; fileRef = A81D37602DE76B4C00E17A42 /* AppDelegate.swift */; };
		A81D37722DE76B4C00E17A42 /* SceneDelegate.swift in Sources */ = {isa = PBXBuildFile; fileRef = A81D37682DE76B4C00E17A42 /* SceneDelegate.swift */; };
		A81D37732DE76B4C00E17A42 /* ViewController.swift in Sources */ = {isa = PBXBuildFile; fileRef = A81D37692DE76B4C00E17A42 /* ViewController.swift */; };
/* End PBXBuildFile section */

/* Begin PBXFileReference section */
		A81D37402DE7606500E17A42 /* WeatherApp.app */ = {isa = PBXFileReference; explicitFileType = wrapper.application; includeInIndex = 0; path = WeatherApp.app; sourceTree = BUILT_PRODUCTS_DIR; };
		A81D37602DE76B4C00E17A42 /* AppDelegate.swift */ = {isa = PBXFileReference; lastKnownFileType = sourcecode.swift; path = AppDelegate.swift; sourceTree = "<group>"; };
		A81D37612DE76B4C00E17A42 /* Assets.xcassets */ = {isa = PBXFileReference; lastKnownFileType = folder.assetcatalog; path = Assets.xcassets; sourceTree = "<group>"; };
		A81D37622DE76B4C00E17A42 /* Base.xcconfig */ = {isa = PBXFileReference; lastKnownFileType = text.xcconfig; path = Base.xcconfig; sourceTree = "<group>"; };
		A81D37632DE76B4C00E17A42 /* Debug.xcconfig */ = {isa = PBXFileReference; lastKnownFileType = text.xcconfig; path = Debug.xcconfig; sourceTree = "<group>"; };
		A81D37642DE76B4C00E17A42 /* Info.plist */ = {isa = PBXFileReference; lastKnownFileType = text.plist.xml; path = Info.plist; sourceTree = "<group>"; };
		A81D37652DE76B4C00E17A42 /* Base */ = {isa = PBXFileReference; lastKnownFileType = file.storyboard; name = Base; path = Base.lproj/LaunchScreen.storyboard; sourceTree = "<group>"; };
		A81D37672DE76B4C00E17A42 /* Release.xcconfig */ = {isa = PBXFileReference; lastKnownFileType = text.xcconfig; path = Release.xcconfig; sourceTree = "<group>"; };
		A81D37682DE76B4C00E17A42 /* SceneDelegate.swift */ = {isa = PBXFileReference; lastKnownFileType = sourcecode.swift; path = SceneDelegate.swift; sourceTree = "<group>"; };
		A81D37692DE76B4C00E17A42 /* ViewController.swift */ = {isa = PBXFileReference; lastKnownFileType = sourcecode.swift; path = ViewController.swift; sourceTree = "<group>"; };
		A81D37752DE77DA800E17A42 /* Base.sample.xcconfig */ = {isa = PBXFileReference; lastKnownFileType = text.xcconfig; path = Base.sample.xcconfig; sourceTree = "<group>"; };
		A81D37782DE77E4100E17A42 /* Debug.sample.xcconfig */ = {isa = PBXFileReference; lastKnownFileType = text.xcconfig; path = Debug.sample.xcconfig; sourceTree = "<group>"; };
		A81D377A2DE77EDF00E17A42 /* Release.sample.xcconfig */ = {isa = PBXFileReference; lastKnownFileType = text.xcconfig; path = Release.sample.xcconfig; sourceTree = "<group>"; };
/* End PBXFileReference section */

/* Begin PBXFrameworksBuildPhase section */
		A81D373D2DE7606500E17A42 /* Frameworks */ = {
			isa = PBXFrameworksBuildPhase;
			buildActionMask = 2147483647;
			files = (
			);
			runOnlyForDeploymentPostprocessing = 0;
		};
/* End PBXFrameworksBuildPhase section */

/* Begin PBXGroup section */
		A81D37372DE7606500E17A42 = {
			isa = PBXGroup;
			children = (
				A81D376A2DE76B4C00E17A42 /* WeatherApp */,
				A81D37412DE7606500E17A42 /* Products */,
			);
			sourceTree = "<group>";
		};
		A81D37412DE7606500E17A42 /* Products */ = {
			isa = PBXGroup;
			children = (
				A81D37402DE7606500E17A42 /* WeatherApp.app */,
			);
			name = Products;
			sourceTree = "<group>";
		};
		A81D376A2DE76B4C00E17A42 /* WeatherApp */ = {
			isa = PBXGroup;
			children = (
				A81D377D2DE785D400E17A42 /* App */,
				A81D37742DE76B5A00E17A42 /* SupportingFiles */,
				A81D377E2DE7887800E17A42 /* Core */,
				A81D37822DE788DF00E17A42 /* Features */,
				A81D378C2DE7898D00E17A42 /* Utils */,
				A81D37882DE7895600E17A42 /* Tests */,
				A81D377C2DE785A100E17A42 /* Resources */,
			);
			path = WeatherApp;
			sourceTree = "<group>";
		};
		A81D37742DE76B5A00E17A42 /* SupportingFiles */ = {
			isa = PBXGroup;
			children = (
				A81D37622DE76B4C00E17A42 /* Base.xcconfig */,
				A81D37752DE77DA800E17A42 /* Base.sample.xcconfig */,
				A81D37632DE76B4C00E17A42 /* Debug.xcconfig */,
				A81D37782DE77E4100E17A42 /* Debug.sample.xcconfig */,
				A81D37672DE76B4C00E17A42 /* Release.xcconfig */,
				A81D377A2DE77EDF00E17A42 /* Release.sample.xcconfig */,
				A81D37642DE76B4C00E17A42 /* Info.plist */,
			);
			path = SupportingFiles;
			sourceTree = "<group>";
		};
		A81D377C2DE785A100E17A42 /* Resources */ = {
			isa = PBXGroup;
			children = (
				A81D37612DE76B4C00E17A42 /* Assets.xcassets */,
				A81D37662DE76B4C00E17A42 /* LaunchScreen.storyboard */,
			);
			path = Resources;
			sourceTree = "<group>";
		};
		A81D377D2DE785D400E17A42 /* App */ = {
			isa = PBXGroup;
			children = (
				A81D37602DE76B4C00E17A42 /* AppDelegate.swift */,
				A81D37682DE76B4C00E17A42 /* SceneDelegate.swift */,
			);
			path = App;
			sourceTree = "<group>";
		};
		A81D377E2DE7887800E17A42 /* Core */ = {
			isa = PBXGroup;
			children = (
				A81D377F2DE7889000E17A42 /* Network */,
				A81D37802DE788AA00E17A42 /* Cache */,
				A81D37812DE788B500E17A42 /* Models */,
			);
			path = Core;
			sourceTree = "<group>";
		};
		A81D377F2DE7889000E17A42 /* Network */ = {
			isa = PBXGroup;
			children = (
			);
			path = Network;
			sourceTree = "<group>";
		};
		A81D37802DE788AA00E17A42 /* Cache */ = {
			isa = PBXGroup;
			children = (
			);
			path = Cache;
			sourceTree = "<group>";
		};
		A81D37812DE788B500E17A42 /* Models */ = {
			isa = PBXGroup;
			children = (
			);
			path = Models;
			sourceTree = "<group>";
		};
		A81D37822DE788DF00E17A42 /* Features */ = {
			isa = PBXGroup;
			children = (
				A81D37832DE7891C00E17A42 /* Forecast */,
			);
			path = Features;
			sourceTree = "<group>";
		};
		A81D37832DE7891C00E17A42 /* Forecast */ = {
			isa = PBXGroup;
			children = (
				A81D37842DE7892500E17A42 /* Coordinator */,
				A81D37852DE7892E00E17A42 /* ViewModel */,
				A81D37862DE7893600E17A42 /* View */,
				A81D37872DE7893E00E17A42 /* Resources */,
			);
			path = Forecast;
			sourceTree = "<group>";
		};
		A81D37842DE7892500E17A42 /* Coordinator */ = {
			isa = PBXGroup;
			children = (
			);
			path = Coordinator;
			sourceTree = "<group>";
		};
		A81D37852DE7892E00E17A42 /* ViewModel */ = {
			isa = PBXGroup;
			children = (
			);
			path = ViewModel;
			sourceTree = "<group>";
		};
		A81D37862DE7893600E17A42 /* View */ = {
			isa = PBXGroup;
			children = (
				A81D37692DE76B4C00E17A42 /* ViewController.swift */,
			);
			path = View;
			sourceTree = "<group>";
		};
		A81D37872DE7893E00E17A42 /* Resources */ = {
			isa = PBXGroup;
			children = (
			);
			path = Resources;
			sourceTree = "<group>";
		};
		A81D37882DE7895600E17A42 /* Tests */ = {
			isa = PBXGroup;
			children = (
				A81D378B2DE7897D00E17A42 /* CoreTests */,
				A81D378A2DE7897500E17A42 /* ForecastTests */,
				A81D37892DE7896800E17A42 /* TestUtils */,
			);
			path = Tests;
			sourceTree = "<group>";
		};
		A81D37892DE7896800E17A42 /* TestUtils */ = {
			isa = PBXGroup;
			children = (
			);
			path = TestUtils;
			sourceTree = "<group>";
		};
		A81D378A2DE7897500E17A42 /* ForecastTests */ = {
			isa = PBXGroup;
			children = (
			);
			path = ForecastTests;
			sourceTree = "<group>";
		};
		A81D378B2DE7897D00E17A42 /* CoreTests */ = {
			isa = PBXGroup;
			children = (
			);
			path = CoreTests;
			sourceTree = "<group>";
		};
		A81D378C2DE7898D00E17A42 /* Utils */ = {
			isa = PBXGroup;
			children = (
			);
			path = Utils;
			sourceTree = "<group>";
		};
/* End PBXGroup section */

/* Begin PBXNativeTarget section */
		A81D373F2DE7606500E17A42 /* WeatherApp */ = {
			isa = PBXNativeTarget;
			buildConfigurationList = A81D37532DE7606700E17A42 /* Build configuration list for PBXNativeTarget "WeatherApp" */;
			buildPhases = (
				A81D373C2DE7606500E17A42 /* Sources */,
				A81D373D2DE7606500E17A42 /* Frameworks */,
				A81D373E2DE7606500E17A42 /* Resources */,
			);
			buildRules = (
			);
			dependencies = (
			);
			name = WeatherApp;
			packageProductDependencies = (
			);
			productName = WeatherApp;
			productReference = A81D37402DE7606500E17A42 /* WeatherApp.app */;
			productType = "com.apple.product-type.application";
		};
/* End PBXNativeTarget section */

/* Begin PBXProject section */
		A81D37382DE7606500E17A42 /* Project object */ = {
			isa = PBXProject;
			attributes = {
				BuildIndependentTargetsInParallel = 1;
				LastSwiftUpdateCheck = 1630;
				LastUpgradeCheck = 1630;
				TargetAttributes = {
					A81D373F2DE7606500E17A42 = {
						CreatedOnToolsVersion = 16.3;
					};
				};
			};
			buildConfigurationList = A81D373B2DE7606500E17A42 /* Build configuration list for PBXProject "WeatherApp" */;
			developmentRegion = en;
			hasScannedForEncodings = 0;
			knownRegions = (
				en,
				Base,
			);
			mainGroup = A81D37372DE7606500E17A42;
			minimizedProjectReferenceProxies = 1;
			preferredProjectObjectVersion = 77;
			productRefGroup = A81D37412DE7606500E17A42 /* Products */;
			projectDirPath = "";
			projectRoot = "";
			targets = (
				A81D373F2DE7606500E17A42 /* WeatherApp */,
			);
		};
/* End PBXProject section */

/* Begin PBXResourcesBuildPhase section */
		A81D373E2DE7606500E17A42 /* Resources */ = {
			isa = PBXResourcesBuildPhase;
			buildActionMask = 2147483647;
			files = (
				A81D376B2DE76B4C00E17A42 /* Assets.xcassets in Resources */,
				A81D376C2DE76B4C00E17A42 /* Base.xcconfig in Resources */,
				A81D376D2DE76B4C00E17A42 /* Debug.xcconfig in Resources */,
				A81D376F2DE76B4C00E17A42 /* LaunchScreen.storyboard in Resources */,
				A81D37702DE76B4C00E17A42 /* Release.xcconfig in Resources */,
			);
			runOnlyForDeploymentPostprocessing = 0;
		};
/* End PBXResourcesBuildPhase section */

/* Begin PBXSourcesBuildPhase section */
		A81D373C2DE7606500E17A42 /* Sources */ = {
			isa = PBXSourcesBuildPhase;
			buildActionMask = 2147483647;
			files = (
				A81D37712DE76B4C00E17A42 /* AppDelegate.swift in Sources */,
				A81D37722DE76B4C00E17A42 /* SceneDelegate.swift in Sources */,
				A81D37732DE76B4C00E17A42 /* ViewController.swift in Sources */,
			);
			runOnlyForDeploymentPostprocessing = 0;
		};
/* End PBXSourcesBuildPhase section */

/* Begin PBXVariantGroup section */
		A81D37662DE76B4C00E17A42 /* LaunchScreen.storyboard */ = {
			isa = PBXVariantGroup;
			children = (
				A81D37652DE76B4C00E17A42 /* Base */,
			);
			name = LaunchScreen.storyboard;
			sourceTree = "<group>";
		};
/* End PBXVariantGroup section */

/* Begin XCBuildConfiguration section */
		A81D37542DE7606700E17A42 /* Debug */ = {
			isa = XCBuildConfiguration;
			baseConfigurationReference = A81D37632DE76B4C00E17A42 /* Debug.xcconfig */;
			buildSettings = {
				ASSETCATALOG_COMPILER_APPICON_NAME = AppIcon;
				ASSETCATALOG_COMPILER_GLOBAL_ACCENT_COLOR_NAME = AccentColor;
				CODE_SIGN_STYLE = Automatic;
				CURRENT_PROJECT_VERSION = 1;
				DEVELOPMENT_TEAM = GBTTU32HS2;
				GENERATE_INFOPLIST_FILE = YES;
				INFOPLIST_FILE = WeatherApp/SupportingFiles/Info.plist;
				INFOPLIST_KEY_LSApplicationCategoryType = "public.app-category.weather";
				INFOPLIST_KEY_UIApplicationSupportsIndirectInputEvents = YES;
				INFOPLIST_KEY_UILaunchStoryboardName = LaunchScreen;
				INFOPLIST_KEY_UISupportedInterfaceOrientations = UIInterfaceOrientationPortrait;
				INFOPLIST_KEY_UISupportedInterfaceOrientations_iPad = "UIInterfaceOrientationLandscapeLeft UIInterfaceOrientationLandscapeRight UIInterfaceOrientationPortrait UIInterfaceOrientationPortraitUpsideDown";
				IPHONEOS_DEPLOYMENT_TARGET = 16.6;
				LD_RUNPATH_SEARCH_PATHS = (
					"$(inherited)",
					"@executable_path/Frameworks",
				);
				MARKETING_VERSION = 0.1.0;
				PRODUCT_BUNDLE_IDENTIFIER = org.swiftbook.WeatherApp;
				PRODUCT_NAME = "$(TARGET_NAME)";
				SUPPORTED_PLATFORMS = "iphoneos iphonesimulator";
				SUPPORTS_MACCATALYST = NO;
				SUPPORTS_MAC_DESIGNED_FOR_IPHONE_IPAD = NO;
				SUPPORTS_XR_DESIGNED_FOR_IPHONE_IPAD = NO;
				SWIFT_EMIT_LOC_STRINGS = YES;
				SWIFT_VERSION = 5.0;
				TARGETED_DEVICE_FAMILY = 1;
			};
			name = Debug;
		};
		A81D37552DE7606700E17A42 /* Release */ = {
			isa = XCBuildConfiguration;
			baseConfigurationReference = A81D37672DE76B4C00E17A42 /* Release.xcconfig */;
			buildSettings = {
				ASSETCATALOG_COMPILER_APPICON_NAME = AppIcon;
				ASSETCATALOG_COMPILER_GLOBAL_ACCENT_COLOR_NAME = AccentColor;
				CODE_SIGN_STYLE = Automatic;
				CURRENT_PROJECT_VERSION = 1;
				DEVELOPMENT_TEAM = GBTTU32HS2;
				GENERATE_INFOPLIST_FILE = YES;
				INFOPLIST_FILE = WeatherApp/SupportingFiles/Info.plist;
				INFOPLIST_KEY_LSApplicationCategoryType = "public.app-category.weather";
				INFOPLIST_KEY_UIApplicationSupportsIndirectInputEvents = YES;
				INFOPLIST_KEY_UILaunchStoryboardName = LaunchScreen;
				INFOPLIST_KEY_UISupportedInterfaceOrientations = UIInterfaceOrientationPortrait;
				INFOPLIST_KEY_UISupportedInterfaceOrientations_iPad = "UIInterfaceOrientationLandscapeLeft UIInterfaceOrientationLandscapeRight UIInterfaceOrientationPortrait UIInterfaceOrientationPortraitUpsideDown";
				IPHONEOS_DEPLOYMENT_TARGET = 16.6;
				LD_RUNPATH_SEARCH_PATHS = (
					"$(inherited)",
					"@executable_path/Frameworks",
				);
				MARKETING_VERSION = 0.1.0;
				PRODUCT_BUNDLE_IDENTIFIER = org.swiftbook.WeatherApp;
				PRODUCT_NAME = "$(TARGET_NAME)";
				SUPPORTED_PLATFORMS = "iphoneos iphonesimulator";
				SUPPORTS_MACCATALYST = NO;
				SUPPORTS_MAC_DESIGNED_FOR_IPHONE_IPAD = NO;
				SUPPORTS_XR_DESIGNED_FOR_IPHONE_IPAD = NO;
				SWIFT_EMIT_LOC_STRINGS = YES;
				SWIFT_VERSION = 5.0;
				TARGETED_DEVICE_FAMILY = 1;
			};
			name = Release;
		};
		A81D37562DE7606700E17A42 /* Debug */ = {
			isa = XCBuildConfiguration;
			baseConfigurationReference = A81D37632DE76B4C00E17A42 /* Debug.xcconfig */;
			buildSettings = {
				ALWAYS_SEARCH_USER_PATHS = NO;
				ASSETCATALOG_COMPILER_GENERATE_SWIFT_ASSET_SYMBOL_EXTENSIONS = YES;
				CLANG_ANALYZER_NONNULL = YES;
				CLANG_ANALYZER_NUMBER_OBJECT_CONVERSION = YES_AGGRESSIVE;
				CLANG_CXX_LANGUAGE_STANDARD = "gnu++20";
				CLANG_ENABLE_MODULES = YES;
				CLANG_ENABLE_OBJC_ARC = YES;
				CLANG_ENABLE_OBJC_WEAK = YES;
				CLANG_WARN_BLOCK_CAPTURE_AUTORELEASING = YES;
				CLANG_WARN_BOOL_CONVERSION = YES;
				CLANG_WARN_COMMA = YES;
				CLANG_WARN_CONSTANT_CONVERSION = YES;
				CLANG_WARN_DEPRECATED_OBJC_IMPLEMENTATIONS = YES;
				CLANG_WARN_DIRECT_OBJC_ISA_USAGE = YES_ERROR;
				CLANG_WARN_DOCUMENTATION_COMMENTS = YES;
				CLANG_WARN_EMPTY_BODY = YES;
				CLANG_WARN_ENUM_CONVERSION = YES;
				CLANG_WARN_INFINITE_RECURSION = YES;
				CLANG_WARN_INT_CONVERSION = YES;
				CLANG_WARN_NON_LITERAL_NULL_CONVERSION = YES;
				CLANG_WARN_OBJC_IMPLICIT_RETAIN_SELF = YES;
				CLANG_WARN_OBJC_LITERAL_CONVERSION = YES;
				CLANG_WARN_OBJC_ROOT_CLASS = YES_ERROR;
				CLANG_WARN_QUOTED_INCLUDE_IN_FRAMEWORK_HEADER = YES;
				CLANG_WARN_RANGE_LOOP_ANALYSIS = YES;
				CLANG_WARN_STRICT_PROTOTYPES = YES;
				CLANG_WARN_SUSPICIOUS_MOVE = YES;
				CLANG_WARN_UNGUARDED_AVAILABILITY = YES_AGGRESSIVE;
				CLANG_WARN_UNREACHABLE_CODE = YES;
				CLANG_WARN__DUPLICATE_METHOD_MATCH = YES;
				COPY_PHASE_STRIP = NO;
				DEBUG_INFORMATION_FORMAT = dwarf;
				DEVELOPMENT_TEAM = GBTTU32HS2;
				ENABLE_STRICT_OBJC_MSGSEND = YES;
				ENABLE_TESTABILITY = YES;
				ENABLE_USER_SCRIPT_SANDBOXING = YES;
				GCC_C_LANGUAGE_STANDARD = gnu17;
				GCC_DYNAMIC_NO_PIC = NO;
				GCC_NO_COMMON_BLOCKS = YES;
				GCC_OPTIMIZATION_LEVEL = 0;
				GCC_PREPROCESSOR_DEFINITIONS = (
					"DEBUG=1",
					"$(inherited)",
				);
				GCC_WARN_64_TO_32_BIT_CONVERSION = YES;
				GCC_WARN_ABOUT_RETURN_TYPE = YES_ERROR;
				GCC_WARN_UNDECLARED_SELECTOR = YES;
				GCC_WARN_UNINITIALIZED_AUTOS = YES_AGGRESSIVE;
				GCC_WARN_UNUSED_FUNCTION = YES;
				GCC_WARN_UNUSED_VARIABLE = YES;
				IPHONEOS_DEPLOYMENT_TARGET = 18.4;
				LOCALIZATION_PREFERS_STRING_CATALOGS = YES;
				MTL_ENABLE_DEBUG_INFO = INCLUDE_SOURCE;
				MTL_FAST_MATH = YES;
				ONLY_ACTIVE_ARCH = YES;
				SDKROOT = iphoneos;
				SWIFT_ACTIVE_COMPILATION_CONDITIONS = "DEBUG $(inherited)";
				SWIFT_OPTIMIZATION_LEVEL = "-Onone";
			};
			name = Debug;
		};
		A81D37572DE7606700E17A42 /* Release */ = {
			isa = XCBuildConfiguration;
			baseConfigurationReference = A81D37672DE76B4C00E17A42 /* Release.xcconfig */;
			buildSettings = {
				ALWAYS_SEARCH_USER_PATHS = NO;
				ASSETCATALOG_COMPILER_GENERATE_SWIFT_ASSET_SYMBOL_EXTENSIONS = YES;
				CLANG_ANALYZER_NONNULL = YES;
				CLANG_ANALYZER_NUMBER_OBJECT_CONVERSION = YES_AGGRESSIVE;
				CLANG_CXX_LANGUAGE_STANDARD = "gnu++20";
				CLANG_ENABLE_MODULES = YES;
				CLANG_ENABLE_OBJC_ARC = YES;
				CLANG_ENABLE_OBJC_WEAK = YES;
				CLANG_WARN_BLOCK_CAPTURE_AUTORELEASING = YES;
				CLANG_WARN_BOOL_CONVERSION = YES;
				CLANG_WARN_COMMA = YES;
				CLANG_WARN_CONSTANT_CONVERSION = YES;
				CLANG_WARN_DEPRECATED_OBJC_IMPLEMENTATIONS = YES;
				CLANG_WARN_DIRECT_OBJC_ISA_USAGE = YES_ERROR;
				CLANG_WARN_DOCUMENTATION_COMMENTS = YES;
				CLANG_WARN_EMPTY_BODY = YES;
				CLANG_WARN_ENUM_CONVERSION = YES;
				CLANG_WARN_INFINITE_RECURSION = YES;
				CLANG_WARN_INT_CONVERSION = YES;
				CLANG_WARN_NON_LITERAL_NULL_CONVERSION = YES;
				CLANG_WARN_OBJC_IMPLICIT_RETAIN_SELF = YES;
				CLANG_WARN_OBJC_LITERAL_CONVERSION = YES;
				CLANG_WARN_OBJC_ROOT_CLASS = YES_ERROR;
				CLANG_WARN_QUOTED_INCLUDE_IN_FRAMEWORK_HEADER = YES;
				CLANG_WARN_RANGE_LOOP_ANALYSIS = YES;
				CLANG_WARN_STRICT_PROTOTYPES = YES;
				CLANG_WARN_SUSPICIOUS_MOVE = YES;
				CLANG_WARN_UNGUARDED_AVAILABILITY = YES_AGGRESSIVE;
				CLANG_WARN_UNREACHABLE_CODE = YES;
				CLANG_WARN__DUPLICATE_METHOD_MATCH = YES;
				COPY_PHASE_STRIP = NO;
				DEBUG_INFORMATION_FORMAT = "dwarf-with-dsym";
				DEVELOPMENT_TEAM = GBTTU32HS2;
				ENABLE_NS_ASSERTIONS = NO;
				ENABLE_STRICT_OBJC_MSGSEND = YES;
				ENABLE_USER_SCRIPT_SANDBOXING = YES;
				GCC_C_LANGUAGE_STANDARD = gnu17;
				GCC_NO_COMMON_BLOCKS = YES;
				GCC_WARN_64_TO_32_BIT_CONVERSION = YES;
				GCC_WARN_ABOUT_RETURN_TYPE = YES_ERROR;
				GCC_WARN_UNDECLARED_SELECTOR = YES;
				GCC_WARN_UNINITIALIZED_AUTOS = YES_AGGRESSIVE;
				GCC_WARN_UNUSED_FUNCTION = YES;
				GCC_WARN_UNUSED_VARIABLE = YES;
				IPHONEOS_DEPLOYMENT_TARGET = 18.4;
				LOCALIZATION_PREFERS_STRING_CATALOGS = YES;
				MTL_ENABLE_DEBUG_INFO = NO;
				MTL_FAST_MATH = YES;
				SDKROOT = iphoneos;
				SWIFT_COMPILATION_MODE = wholemodule;
				VALIDATE_PRODUCT = YES;
			};
			name = Release;
		};
/* End XCBuildConfiguration section */

/* Begin XCConfigurationList section */
		A81D373B2DE7606500E17A42 /* Build configuration list for PBXProject "WeatherApp" */ = {
			isa = XCConfigurationList;
			buildConfigurations = (
				A81D37562DE7606700E17A42 /* Debug */,
				A81D37572DE7606700E17A42 /* Release */,
			);
			defaultConfigurationIsVisible = 0;
			defaultConfigurationName = Release;
		};
		A81D37532DE7606700E17A42 /* Build configuration list for PBXNativeTarget "WeatherApp" */ = {
			isa = XCConfigurationList;
			buildConfigurations = (
				A81D37542DE7606700E17A42 /* Debug */,
				A81D37552DE7606700E17A42 /* Release */,
			);
			defaultConfigurationIsVisible = 0;
			defaultConfigurationName = Release;
		};
/* End XCConfigurationList section */
	};
	rootObject = A81D37382DE7606500E17A42 /* Project object */;
}
